
Microsoft Visual Studio Solution File, Format Version 12.00
# Visual Studio Version 16
VisualStudioVersion = 16.0.31313.79
MinimumVisualStudioVersion = 10.0.40219.1
Project("{2150E333-8FDC-42A3-9474-1A3956D46DE8}") = "HardwareAccessFramework", "HardwareAccessFramework", "{97F3C9DD-B48F-4002-A7BE-55A95A9A65E5}"
EndProject
Project("{FAE04EC0-301F-11D3-BF4B-00C04F79EFBC}") = "AdapterAccess", "..\..\Apps\AdapterAccess\AdapterAccess.csproj", "{84E91913-4093-42E7-8261-641C2D778BBD}"
EndProject
Project("{FAE04EC0-301F-11D3-BF4B-00C04F79EFBC}") = "DeviceAccess", "..\..\Apps\DeviceAccess\DeviceAccess.csproj", "{A568E7DC-DA37-4362-BD74-FCB230199013}"
EndProject
Project("{2150E333-8FDC-42A3-9474-1A3956D46DE8}") = "GUI", "GUI", "{A7649B87-0052-4098-97F3-04CE937B4EE1}"
EndProject
Project("{2150E333-8FDC-42A3-9474-1A3956D46DE8}") = "PluginInterface", "PluginInterface", "{3CCF7BC6-51BD-4288-B76B-0C05C4AFAD92}"
EndProject
Project("{2150E333-8FDC-42A3-9474-1A3956D46DE8}") = "Plugins", "Plugins", "{776F7591-ECFF-43B8-9BA3-12D57DD80A69}"
EndProject
Project("{FAE04EC0-301F-11D3-BF4B-00C04F79EFBC}") = "PluginFramework", "..\..\Apps\PluginFramework\PluginFramework.csproj", "{D2F0389A-25A2-4CB6-945E-08C807E78BCB}"
EndProject
Project("{FAE04EC0-301F-11D3-BF4B-00C04F79EFBC}") = "RegisterControl", "..\..\Apps\Plugins\RegisterControl\RegisterControl.csproj", "{188F581D-3D33-47AA-963A-732834FA1416}"
EndProject
Project("{FAE04EC0-301F-11D3-BF4B-00C04F79EFBC}") = "HardwareInterfaces", "..\..\Apps\HardwareInterfaces\HardwareInterfaces.csproj", "{7A3B2270-EB1F-4963-BF74-C78C41C91CC4}"
EndProject
Project("{FAE04EC0-301F-11D3-BF4B-00C04F79EFBC}") = "DocumentViewerControl", "..\..\Apps\Plugins\DocumentViewerControl\DocumentViewerControl.csproj", "{7FF884D9-EAC7-44C5-892F-5E1B7FD20755}"
EndProject
Project("{FAE04EC0-301F-11D3-BF4B-00C04F79EFBC}") = "AdapterControl", "..\..\Apps\Plugins\AdapterControl\AdapterControl.csproj", "{42C81072-F3C2-4E2D-998E-DF5490CFFDBB}"
EndProject
Project("{FAE04EC0-301F-11D3-BF4B-00C04F79EFBC}") = "HelpViewerControl", "..\..\Apps\Plugins\HelpViewerControl\HelpViewerControl.csproj", "{D3AED1C4-2E21-452B-882E-D6ADEC5525C8}"
EndProject
Project("{FAE04EC0-301F-11D3-BF4B-00C04F79EFBC}") = "ARCxCCxxControl", "..\..\Apps\Plugins\ARCxCCxxControl\ARCxCCxxControl.csproj", "{86089B9D-DE41-46C9-89D0-0B7FB37340DC}"
EndProject
Project("{FAE04EC0-301F-11D3-BF4B-00C04F79EFBC}") = "muRata", "..\..\Apps\muRata\muRata.csproj", "{B6A5BF93-7815-46BE-903B-EF96EF5F60F5}"
EndProject
Project("{FAE04EC0-301F-11D3-BF4B-00C04F79EFBC}") = "MPQControl", "..\..\Apps\Plugins\MPQControl\MPQControl.csproj", "{8C3618C7-E0AD-4DF8-AFA6-EA1A9776BAF1}"
EndProject
Project("{FAE04EC0-301F-11D3-BF4B-00C04F79EFBC}") = "MPQChartControl", "..\..\Apps\Plugins\MPQChartControl\MPQChartControl.csproj", "{ADC3C33D-FF5A-473A-BE4F-0EE202568CB9}"
EndProject
Project("{FAE04EC0-301F-11D3-BF4B-00C04F79EFBC}") = "MPQ7920Control", "..\..\Apps\Plugins\MPQ7920Control\MPQ7920Control.csproj", "{0204D851-B724-442D-9146-F000664069EA}"
EndProject
Project("{FAE04EC0-301F-11D3-BF4B-00C04F79EFBC}") = "ARC1C0608Control", "..\..\Apps\Plugins\ARC1C0608Control\ARC1C0608Control.csproj", "{E0791D94-7BB9-43F0-B812-DB3C61FCB714}"
EndProject
Project("{54435603-DBB4-11D2-8724-00A0C9A8B90C}") = "muRataStudioSetup", "muRataStudioSetup\muRataStudioSetup.vdproj", "{4F4B158B-C35B-45BD-9D88-5F70A33D3756}"
EndProject
Project("{FAE04EC0-301F-11D3-BF4B-00C04F79EFBC}") = "PE24106Control", "..\..\Apps\Plugins\PE24106Control\PE24106Control.csproj", "{DCF2F5FD-A90A-4F0E-874B-81E46F2EDDF3}"
EndProject
Project("{FAE04EC0-301F-11D3-BF4B-00C04F79EFBC}") = "PE24103Control", "..\..\Apps\Plugins\PE24103Control\PE24103Control.csproj", "{8A375C00-8240-4F8C-AB03-05226460A625}"
EndProject
Project("{FAE04EC0-301F-11D3-BF4B-00C04F79EFBC}") = "PE24103i2cControl", "..\..\Apps\Plugins\PE24103i2cControl\PE24103i2cControl.csproj", "{7F77A743-5BAD-474C-B7D2-1AE0B911AC46}"
EndProject
Project("{FAE04EC0-301F-11D3-BF4B-00C04F79EFBC}") = "VADERControl", "..\..\Apps\Plugins\VADERControl\VADERControl.csproj", "{12FEAFF9-6F78-462C-837B-D8643CE98C4B}"
EndProject
Project("{FAE04EC0-301F-11D3-BF4B-00C04F79EFBC}") = "PE26100Control", "..\..\Apps\Plugins\PE26100Control\PE26100Control.csproj", "{ED82138C-5B41-4B2D-96EE-0C70E0401BC5}"
EndProject
Global
	GlobalSection(SolutionConfigurationPlatforms) = preSolution
		CD_ROM|Any CPU = CD_ROM|Any CPU
		Debug|Any CPU = Debug|Any CPU
		DVD-5|Any CPU = DVD-5|Any CPU
		Release|Any CPU = Release|Any CPU
		SingleImage|Any CPU = SingleImage|Any CPU
	EndGlobalSection
	GlobalSection(ProjectConfigurationPlatforms) = postSolution
		{84E91913-4093-42E7-8261-641C2D778BBD}.CD_ROM|Any CPU.ActiveCfg = Release|Any CPU
		{84E91913-4093-42E7-8261-641C2D778BBD}.CD_ROM|Any CPU.Build.0 = Release|Any CPU
		{84E91913-4093-42E7-8261-641C2D778BBD}.Debug|Any CPU.ActiveCfg = Debug|Any CPU
		{84E91913-4093-42E7-8261-641C2D778BBD}.Debug|Any CPU.Build.0 = Debug|Any CPU
		{84E91913-4093-42E7-8261-641C2D778BBD}.DVD-5|Any CPU.ActiveCfg = Debug|Any CPU
		{84E91913-4093-42E7-8261-641C2D778BBD}.DVD-5|Any CPU.Build.0 = Debug|Any CPU
		{84E91913-4093-42E7-8261-641C2D778BBD}.Release|Any CPU.ActiveCfg = Release|Any CPU
		{84E91913-4093-42E7-8261-641C2D778BBD}.Release|Any CPU.Build.0 = Release|Any CPU
		{84E91913-4093-42E7-8261-641C2D778BBD}.SingleImage|Any CPU.ActiveCfg = Debug|Any CPU
		{84E91913-4093-42E7-8261-641C2D778BBD}.SingleImage|Any CPU.Build.0 = Debug|Any CPU
		{A568E7DC-DA37-4362-BD74-FCB230199013}.CD_ROM|Any CPU.ActiveCfg = Release|Any CPU
		{A568E7DC-DA37-4362-BD74-FCB230199013}.CD_ROM|Any CPU.Build.0 = Release|Any CPU
		{A568E7DC-DA37-4362-BD74-FCB230199013}.Debug|Any CPU.ActiveCfg = Debug|Any CPU
		{A568E7DC-DA37-4362-BD74-FCB230199013}.Debug|Any CPU.Build.0 = Debug|Any CPU
		{A568E7DC-DA37-4362-BD74-FCB230199013}.DVD-5|Any CPU.ActiveCfg = Debug|Any CPU
		{A568E7DC-DA37-4362-BD74-FCB230199013}.DVD-5|Any CPU.Build.0 = Debug|Any CPU
		{A568E7DC-DA37-4362-BD74-FCB230199013}.Release|Any CPU.ActiveCfg = Release|Any CPU
		{A568E7DC-DA37-4362-BD74-FCB230199013}.Release|Any CPU.Build.0 = Release|Any CPU
		{A568E7DC-DA37-4362-BD74-FCB230199013}.SingleImage|Any CPU.ActiveCfg = Debug|Any CPU
		{A568E7DC-DA37-4362-BD74-FCB230199013}.SingleImage|Any CPU.Build.0 = Debug|Any CPU
		{D2F0389A-25A2-4CB6-945E-08C807E78BCB}.CD_ROM|Any CPU.ActiveCfg = Release|Any CPU
		{D2F0389A-25A2-4CB6-945E-08C807E78BCB}.CD_ROM|Any CPU.Build.0 = Release|Any CPU
		{D2F0389A-25A2-4CB6-945E-08C807E78BCB}.Debug|Any CPU.ActiveCfg = Debug|Any CPU
		{D2F0389A-25A2-4CB6-945E-08C807E78BCB}.Debug|Any CPU.Build.0 = Debug|Any CPU
		{D2F0389A-25A2-4CB6-945E-08C807E78BCB}.DVD-5|Any CPU.ActiveCfg = Debug|Any CPU
		{D2F0389A-25A2-4CB6-945E-08C807E78BCB}.DVD-5|Any CPU.Build.0 = Debug|Any CPU
		{D2F0389A-25A2-4CB6-945E-08C807E78BCB}.Release|Any CPU.ActiveCfg = Release|Any CPU
		{D2F0389A-25A2-4CB6-945E-08C807E78BCB}.Release|Any CPU.Build.0 = Release|Any CPU
		{D2F0389A-25A2-4CB6-945E-08C807E78BCB}.SingleImage|Any CPU.ActiveCfg = Debug|Any CPU
		{D2F0389A-25A2-4CB6-945E-08C807E78BCB}.SingleImage|Any CPU.Build.0 = Debug|Any CPU
		{188F581D-3D33-47AA-963A-732834FA1416}.CD_ROM|Any CPU.ActiveCfg = Release|Any CPU
		{188F581D-3D33-47AA-963A-732834FA1416}.CD_ROM|Any CPU.Build.0 = Release|Any CPU
		{188F581D-3D33-47AA-963A-732834FA1416}.Debug|Any CPU.ActiveCfg = Debug|Any CPU
		{188F581D-3D33-47AA-963A-732834FA1416}.Debug|Any CPU.Build.0 = Debug|Any CPU
		{188F581D-3D33-47AA-963A-732834FA1416}.DVD-5|Any CPU.ActiveCfg = Debug|Any CPU
		{188F581D-3D33-47AA-963A-732834FA1416}.DVD-5|Any CPU.Build.0 = Debug|Any CPU
		{188F581D-3D33-47AA-963A-732834FA1416}.Release|Any CPU.ActiveCfg = Release|Any CPU
		{188F581D-3D33-47AA-963A-732834FA1416}.Release|Any CPU.Build.0 = Release|Any CPU
		{188F581D-3D33-47AA-963A-732834FA1416}.SingleImage|Any CPU.ActiveCfg = Debug|Any CPU
		{188F581D-3D33-47AA-963A-732834FA1416}.SingleImage|Any CPU.Build.0 = Debug|Any CPU
		{7A3B2270-EB1F-4963-BF74-C78C41C91CC4}.CD_ROM|Any CPU.ActiveCfg = Release|Any CPU
		{7A3B2270-EB1F-4963-BF74-C78C41C91CC4}.CD_ROM|Any CPU.Build.0 = Release|Any CPU
		{7A3B2270-EB1F-4963-BF74-C78C41C91CC4}.Debug|Any CPU.ActiveCfg = Debug|Any CPU
		{7A3B2270-EB1F-4963-BF74-C78C41C91CC4}.Debug|Any CPU.Build.0 = Debug|Any CPU
		{7A3B2270-EB1F-4963-BF74-C78C41C91CC4}.DVD-5|Any CPU.ActiveCfg = Debug|Any CPU
		{7A3B2270-EB1F-4963-BF74-C78C41C91CC4}.DVD-5|Any CPU.Build.0 = Debug|Any CPU
		{7A3B2270-EB1F-4963-BF74-C78C41C91CC4}.Release|Any CPU.ActiveCfg = Release|Any CPU
		{7A3B2270-EB1F-4963-BF74-C78C41C91CC4}.Release|Any CPU.Build.0 = Release|Any CPU
		{7A3B2270-EB1F-4963-BF74-C78C41C91CC4}.SingleImage|Any CPU.ActiveCfg = Debug|Any CPU
		{7A3B2270-EB1F-4963-BF74-C78C41C91CC4}.SingleImage|Any CPU.Build.0 = Debug|Any CPU
		{7FF884D9-EAC7-44C5-892F-5E1B7FD20755}.CD_ROM|Any CPU.ActiveCfg = Release|Any CPU
		{7FF884D9-EAC7-44C5-892F-5E1B7FD20755}.CD_ROM|Any CPU.Build.0 = Release|Any CPU
		{7FF884D9-EAC7-44C5-892F-5E1B7FD20755}.Debug|Any CPU.ActiveCfg = Debug|Any CPU
		{7FF884D9-EAC7-44C5-892F-5E1B7FD20755}.Debug|Any CPU.Build.0 = Debug|Any CPU
		{7FF884D9-EAC7-44C5-892F-5E1B7FD20755}.DVD-5|Any CPU.ActiveCfg = Debug|Any CPU
		{7FF884D9-EAC7-44C5-892F-5E1B7FD20755}.DVD-5|Any CPU.Build.0 = Debug|Any CPU
		{7FF884D9-EAC7-44C5-892F-5E1B7FD20755}.Release|Any CPU.ActiveCfg = Release|Any CPU
		{7FF884D9-EAC7-44C5-892F-5E1B7FD20755}.Release|Any CPU.Build.0 = Release|Any CPU
		{7FF884D9-EAC7-44C5-892F-5E1B7FD20755}.SingleImage|Any CPU.ActiveCfg = Release|Any CPU
		{7FF884D9-EAC7-44C5-892F-5E1B7FD20755}.SingleImage|Any CPU.Build.0 = Release|Any CPU
		{42C81072-F3C2-4E2D-998E-DF5490CFFDBB}.CD_ROM|Any CPU.ActiveCfg = Release|Any CPU
		{42C81072-F3C2-4E2D-998E-DF5490CFFDBB}.CD_ROM|Any CPU.Build.0 = Release|Any CPU
		{42C81072-F3C2-4E2D-998E-DF5490CFFDBB}.Debug|Any CPU.ActiveCfg = Debug|Any CPU
		{42C81072-F3C2-4E2D-998E-DF5490CFFDBB}.Debug|Any CPU.Build.0 = Debug|Any CPU
		{42C81072-F3C2-4E2D-998E-DF5490CFFDBB}.DVD-5|Any CPU.ActiveCfg = Debug|Any CPU
		{42C81072-F3C2-4E2D-998E-DF5490CFFDBB}.DVD-5|Any CPU.Build.0 = Debug|Any CPU
		{42C81072-F3C2-4E2D-998E-DF5490CFFDBB}.Release|Any CPU.ActiveCfg = Release|Any CPU
		{42C81072-F3C2-4E2D-998E-DF5490CFFDBB}.Release|Any CPU.Build.0 = Release|Any CPU
		{42C81072-F3C2-4E2D-998E-DF5490CFFDBB}.SingleImage|Any CPU.ActiveCfg = Release|Any CPU
		{42C81072-F3C2-4E2D-998E-DF5490CFFDBB}.SingleImage|Any CPU.Build.0 = Release|Any CPU
		{D3AED1C4-2E21-452B-882E-D6ADEC5525C8}.CD_ROM|Any CPU.ActiveCfg = Release|Any CPU
		{D3AED1C4-2E21-452B-882E-D6ADEC5525C8}.CD_ROM|Any CPU.Build.0 = Release|Any CPU
		{D3AED1C4-2E21-452B-882E-D6ADEC5525C8}.Debug|Any CPU.ActiveCfg = Debug|Any CPU
		{D3AED1C4-2E21-452B-882E-D6ADEC5525C8}.Debug|Any CPU.Build.0 = Debug|Any CPU
		{D3AED1C4-2E21-452B-882E-D6ADEC5525C8}.DVD-5|Any CPU.ActiveCfg = Debug|Any CPU
		{D3AED1C4-2E21-452B-882E-D6ADEC5525C8}.DVD-5|Any CPU.Build.0 = Debug|Any CPU
		{D3AED1C4-2E21-452B-882E-D6ADEC5525C8}.Release|Any CPU.ActiveCfg = Release|Any CPU
		{D3AED1C4-2E21-452B-882E-D6ADEC5525C8}.Release|Any CPU.Build.0 = Release|Any CPU
		{D3AED1C4-2E21-452B-882E-D6ADEC5525C8}.SingleImage|Any CPU.ActiveCfg = Release|Any CPU
		{D3AED1C4-2E21-452B-882E-D6ADEC5525C8}.SingleImage|Any CPU.Build.0 = Release|Any CPU
		{86089B9D-DE41-46C9-89D0-0B7FB37340DC}.CD_ROM|Any CPU.ActiveCfg = Release|Any CPU
		{86089B9D-DE41-46C9-89D0-0B7FB37340DC}.CD_ROM|Any CPU.Build.0 = Release|Any CPU
		{86089B9D-DE41-46C9-89D0-0B7FB37340DC}.Debug|Any CPU.ActiveCfg = Debug|Any CPU
		{86089B9D-DE41-46C9-89D0-0B7FB37340DC}.Debug|Any CPU.Build.0 = Debug|Any CPU
		{86089B9D-DE41-46C9-89D0-0B7FB37340DC}.DVD-5|Any CPU.ActiveCfg = Debug|Any CPU
		{86089B9D-DE41-46C9-89D0-0B7FB37340DC}.DVD-5|Any CPU.Build.0 = Debug|Any CPU
		{86089B9D-DE41-46C9-89D0-0B7FB37340DC}.Release|Any CPU.ActiveCfg = Release|Any CPU
		{86089B9D-DE41-46C9-89D0-0B7FB37340DC}.Release|Any CPU.Build.0 = Release|Any CPU
		{86089B9D-DE41-46C9-89D0-0B7FB37340DC}.SingleImage|Any CPU.ActiveCfg = Release|Any CPU
		{86089B9D-DE41-46C9-89D0-0B7FB37340DC}.SingleImage|Any CPU.Build.0 = Release|Any CPU
		{B6A5BF93-7815-46BE-903B-EF96EF5F60F5}.CD_ROM|Any CPU.ActiveCfg = Release|Any CPU
		{B6A5BF93-7815-46BE-903B-EF96EF5F60F5}.CD_ROM|Any CPU.Build.0 = Release|Any CPU
		{B6A5BF93-7815-46BE-903B-EF96EF5F60F5}.Debug|Any CPU.ActiveCfg = Debug|Any CPU
		{B6A5BF93-7815-46BE-903B-EF96EF5F60F5}.Debug|Any CPU.Build.0 = Debug|Any CPU
		{B6A5BF93-7815-46BE-903B-EF96EF5F60F5}.DVD-5|Any CPU.ActiveCfg = Debug|Any CPU
		{B6A5BF93-7815-46BE-903B-EF96EF5F60F5}.DVD-5|Any CPU.Build.0 = Debug|Any CPU
		{B6A5BF93-7815-46BE-903B-EF96EF5F60F5}.Release|Any CPU.ActiveCfg = Release|Any CPU
		{B6A5BF93-7815-46BE-903B-EF96EF5F60F5}.Release|Any CPU.Build.0 = Release|Any CPU
		{B6A5BF93-7815-46BE-903B-EF96EF5F60F5}.SingleImage|Any CPU.ActiveCfg = Release|Any CPU
		{B6A5BF93-7815-46BE-903B-EF96EF5F60F5}.SingleImage|Any CPU.Build.0 = Release|Any CPU
		{8C3618C7-E0AD-4DF8-AFA6-EA1A9776BAF1}.CD_ROM|Any CPU.ActiveCfg = Release|Any CPU
		{8C3618C7-E0AD-4DF8-AFA6-EA1A9776BAF1}.CD_ROM|Any CPU.Build.0 = Release|Any CPU
		{8C3618C7-E0AD-4DF8-AFA6-EA1A9776BAF1}.Debug|Any CPU.ActiveCfg = Debug|Any CPU
		{8C3618C7-E0AD-4DF8-AFA6-EA1A9776BAF1}.Debug|Any CPU.Build.0 = Debug|Any CPU
		{8C3618C7-E0AD-4DF8-AFA6-EA1A9776BAF1}.DVD-5|Any CPU.ActiveCfg = Debug|Any CPU
		{8C3618C7-E0AD-4DF8-AFA6-EA1A9776BAF1}.DVD-5|Any CPU.Build.0 = Debug|Any CPU
		{8C3618C7-E0AD-4DF8-AFA6-EA1A9776BAF1}.Release|Any CPU.ActiveCfg = Release|Any CPU
		{8C3618C7-E0AD-4DF8-AFA6-EA1A9776BAF1}.Release|Any CPU.Build.0 = Release|Any CPU
		{8C3618C7-E0AD-4DF8-AFA6-EA1A9776BAF1}.SingleImage|Any CPU.ActiveCfg = Release|Any CPU
		{8C3618C7-E0AD-4DF8-AFA6-EA1A9776BAF1}.SingleImage|Any CPU.Build.0 = Release|Any CPU
		{ADC3C33D-FF5A-473A-BE4F-0EE202568CB9}.CD_ROM|Any CPU.ActiveCfg = Release|Any CPU
		{ADC3C33D-FF5A-473A-BE4F-0EE202568CB9}.CD_ROM|Any CPU.Build.0 = Release|Any CPU
		{ADC3C33D-FF5A-473A-BE4F-0EE202568CB9}.Debug|Any CPU.ActiveCfg = Debug|Any CPU
		{ADC3C33D-FF5A-473A-BE4F-0EE202568CB9}.Debug|Any CPU.Build.0 = Debug|Any CPU
		{ADC3C33D-FF5A-473A-BE4F-0EE202568CB9}.DVD-5|Any CPU.ActiveCfg = Debug|Any CPU
		{ADC3C33D-FF5A-473A-BE4F-0EE202568CB9}.DVD-5|Any CPU.Build.0 = Debug|Any CPU
		{ADC3C33D-FF5A-473A-BE4F-0EE202568CB9}.Release|Any CPU.ActiveCfg = Release|Any CPU
		{ADC3C33D-FF5A-473A-BE4F-0EE202568CB9}.Release|Any CPU.Build.0 = Release|Any CPU
		{ADC3C33D-FF5A-473A-BE4F-0EE202568CB9}.SingleImage|Any CPU.ActiveCfg = Release|Any CPU
		{ADC3C33D-FF5A-473A-BE4F-0EE202568CB9}.SingleImage|Any CPU.Build.0 = Release|Any CPU
		{0204D851-B724-442D-9146-F000664069EA}.CD_ROM|Any CPU.ActiveCfg = Release|Any CPU
		{0204D851-B724-442D-9146-F000664069EA}.CD_ROM|Any CPU.Build.0 = Release|Any CPU
		{0204D851-B724-442D-9146-F000664069EA}.Debug|Any CPU.ActiveCfg = Debug|Any CPU
		{0204D851-B724-442D-9146-F000664069EA}.Debug|Any CPU.Build.0 = Debug|Any CPU
		{0204D851-B724-442D-9146-F000664069EA}.DVD-5|Any CPU.ActiveCfg = Debug|Any CPU
		{0204D851-B724-442D-9146-F000664069EA}.DVD-5|Any CPU.Build.0 = Debug|Any CPU
		{0204D851-B724-442D-9146-F000664069EA}.Release|Any CPU.ActiveCfg = Release|Any CPU
		{0204D851-B724-442D-9146-F000664069EA}.Release|Any CPU.Build.0 = Release|Any CPU
		{0204D851-B724-442D-9146-F000664069EA}.SingleImage|Any CPU.ActiveCfg = Release|Any CPU
		{0204D851-B724-442D-9146-F000664069EA}.SingleImage|Any CPU.Build.0 = Release|Any CPU
		{E0791D94-7BB9-43F0-B812-DB3C61FCB714}.CD_ROM|Any CPU.ActiveCfg = Release|Any CPU
		{E0791D94-7BB9-43F0-B812-DB3C61FCB714}.CD_ROM|Any CPU.Build.0 = Release|Any CPU
		{E0791D94-7BB9-43F0-B812-DB3C61FCB714}.Debug|Any CPU.ActiveCfg = Debug|Any CPU
		{E0791D94-7BB9-43F0-B812-DB3C61FCB714}.Debug|Any CPU.Build.0 = Debug|Any CPU
		{E0791D94-7BB9-43F0-B812-DB3C61FCB714}.DVD-5|Any CPU.ActiveCfg = Debug|Any CPU
		{E0791D94-7BB9-43F0-B812-DB3C61FCB714}.DVD-5|Any CPU.Build.0 = Debug|Any CPU
		{E0791D94-7BB9-43F0-B812-DB3C61FCB714}.Release|Any CPU.ActiveCfg = Release|Any CPU
		{E0791D94-7BB9-43F0-B812-DB3C61FCB714}.Release|Any CPU.Build.0 = Release|Any CPU
		{E0791D94-7BB9-43F0-B812-DB3C61FCB714}.SingleImage|Any CPU.ActiveCfg = Release|Any CPU
		{E0791D94-7BB9-43F0-B812-DB3C61FCB714}.SingleImage|Any CPU.Build.0 = Release|Any CPU
		{4F4B158B-C35B-45BD-9D88-5F70A33D3756}.CD_ROM|Any CPU.ActiveCfg = Debug
		{4F4B158B-C35B-45BD-9D88-5F70A33D3756}.Debug|Any CPU.ActiveCfg = Debug
		{4F4B158B-C35B-45BD-9D88-5F70A33D3756}.DVD-5|Any CPU.ActiveCfg = Debug
		{4F4B158B-C35B-45BD-9D88-5F70A33D3756}.Release|Any CPU.ActiveCfg = Release
		{4F4B158B-C35B-45BD-9D88-5F70A33D3756}.SingleImage|Any CPU.ActiveCfg = Debug
		{DCF2F5FD-A90A-4F0E-874B-81E46F2EDDF3}.CD_ROM|Any CPU.ActiveCfg = Debug|Any CPU
		{DCF2F5FD-A90A-4F0E-874B-81E46F2EDDF3}.CD_ROM|Any CPU.Build.0 = Debug|Any CPU
		{DCF2F5FD-A90A-4F0E-874B-81E46F2EDDF3}.Debug|Any CPU.ActiveCfg = Debug|Any CPU
		{DCF2F5FD-A90A-4F0E-874B-81E46F2EDDF3}.Debug|Any CPU.Build.0 = Debug|Any CPU
		{DCF2F5FD-A90A-4F0E-874B-81E46F2EDDF3}.DVD-5|Any CPU.ActiveCfg = Debug|Any CPU
		{DCF2F5FD-A90A-4F0E-874B-81E46F2EDDF3}.DVD-5|Any CPU.Build.0 = Debug|Any CPU
		{DCF2F5FD-A90A-4F0E-874B-81E46F2EDDF3}.Release|Any CPU.ActiveCfg = Release|Any CPU
		{DCF2F5FD-A90A-4F0E-874B-81E46F2EDDF3}.Release|Any CPU.Build.0 = Release|Any CPU
		{DCF2F5FD-A90A-4F0E-874B-81E46F2EDDF3}.SingleImage|Any CPU.ActiveCfg = Debug|Any CPU
		{DCF2F5FD-A90A-4F0E-874B-81E46F2EDDF3}.SingleImage|Any CPU.Build.0 = Debug|Any CPU
		{8A375C00-8240-4F8C-AB03-05226460A625}.CD_ROM|Any CPU.ActiveCfg = Debug|Any CPU
		{8A375C00-8240-4F8C-AB03-05226460A625}.CD_ROM|Any CPU.Build.0 = Debug|Any CPU
		{8A375C00-8240-4F8C-AB03-05226460A625}.Debug|Any CPU.ActiveCfg = Debug|Any CPU
		{8A375C00-8240-4F8C-AB03-05226460A625}.Debug|Any CPU.Build.0 = Debug|Any CPU
		{8A375C00-8240-4F8C-AB03-05226460A625}.DVD-5|Any CPU.ActiveCfg = Debug|Any CPU
		{8A375C00-8240-4F8C-AB03-05226460A625}.DVD-5|Any CPU.Build.0 = Debug|Any CPU
		{8A375C00-8240-4F8C-AB03-05226460A625}.Release|Any CPU.ActiveCfg = Release|Any CPU
		{8A375C00-8240-4F8C-AB03-05226460A625}.Release|Any CPU.Build.0 = Release|Any CPU
		{8A375C00-8240-4F8C-AB03-05226460A625}.SingleImage|Any CPU.ActiveCfg = Debug|Any CPU
		{8A375C00-8240-4F8C-AB03-05226460A625}.SingleImage|Any CPU.Build.0 = Debug|Any CPU
		{7F77A743-5BAD-474C-B7D2-1AE0B911AC46}.CD_ROM|Any CPU.ActiveCfg = Debug|Any CPU
		{7F77A743-5BAD-474C-B7D2-1AE0B911AC46}.CD_ROM|Any CPU.Build.0 = Debug|Any CPU
		{7F77A743-5BAD-474C-B7D2-1AE0B911AC46}.Debug|Any CPU.ActiveCfg = Debug|Any CPU
		{7F77A743-5BAD-474C-B7D2-1AE0B911AC46}.Debug|Any CPU.Build.0 = Debug|Any CPU
		{7F77A743-5BAD-474C-B7D2-1AE0B911AC46}.DVD-5|Any CPU.ActiveCfg = Debug|Any CPU
		{7F77A743-5BAD-474C-B7D2-1AE0B911AC46}.DVD-5|Any CPU.Build.0 = Debug|Any CPU
		{7F77A743-5BAD-474C-B7D2-1AE0B911AC46}.Release|Any CPU.ActiveCfg = Release|Any CPU
		{7F77A743-5BAD-474C-B7D2-1AE0B911AC46}.Release|Any CPU.Build.0 = Release|Any CPU
		{7F77A743-5BAD-474C-B7D2-1AE0B911AC46}.SingleImage|Any CPU.ActiveCfg = Debug|Any CPU
		{7F77A743-5BAD-474C-B7D2-1AE0B911AC46}.SingleImage|Any CPU.Build.0 = Debug|Any CPU
		{12FEAFF9-6F78-462C-837B-D8643CE98C4B}.CD_ROM|Any CPU.ActiveCfg = Debug|Any CPU
		{12FEAFF9-6F78-462C-837B-D8643CE98C4B}.CD_ROM|Any CPU.Build.0 = Debug|Any CPU
		{12FEAFF9-6F78-462C-837B-D8643CE98C4B}.Debug|Any CPU.ActiveCfg = Debug|Any CPU
		{12FEAFF9-6F78-462C-837B-D8643CE98C4B}.Debug|Any CPU.Build.0 = Debug|Any CPU
		{12FEAFF9-6F78-462C-837B-D8643CE98C4B}.DVD-5|Any CPU.ActiveCfg = Debug|Any CPU
		{12FEAFF9-6F78-462C-837B-D8643CE98C4B}.DVD-5|Any CPU.Build.0 = Debug|Any CPU
		{12FEAFF9-6F78-462C-837B-D8643CE98C4B}.Release|Any CPU.ActiveCfg = Release|Any CPU
		{12FEAFF9-6F78-462C-837B-D8643CE98C4B}.Release|Any CPU.Build.0 = Release|Any CPU
		{12FEAFF9-6F78-462C-837B-D8643CE98C4B}.SingleImage|Any CPU.ActiveCfg = Debug|Any CPU
		{12FEAFF9-6F78-462C-837B-D8643CE98C4B}.SingleImage|Any CPU.Build.0 = Debug|Any CPU
		{ED82138C-5B41-4B2D-96EE-0C70E0401BC5}.CD_ROM|Any CPU.ActiveCfg = Debug|Any CPU
		{ED82138C-5B41-4B2D-96EE-0C70E0401BC5}.CD_ROM|Any CPU.Build.0 = Debug|Any CPU
		{ED82138C-5B41-4B2D-96EE-0C70E0401BC5}.Debug|Any CPU.ActiveCfg = Debug|Any CPU
		{ED82138C-5B41-4B2D-96EE-0C70E0401BC5}.Debug|Any CPU.Build.0 = Debug|Any CPU
		{ED82138C-5B41-4B2D-96EE-0C70E0401BC5}.DVD-5|Any CPU.ActiveCfg = Debug|Any CPU
		{ED82138C-5B41-4B2D-96EE-0C70E0401BC5}.DVD-5|Any CPU.Build.0 = Debug|Any CPU
		{ED82138C-5B41-4B2D-96EE-0C70E0401BC5}.Release|Any CPU.ActiveCfg = Release|Any CPU
		{ED82138C-5B41-4B2D-96EE-0C70E0401BC5}.Release|Any CPU.Build.0 = Release|Any CPU
		{ED82138C-5B41-4B2D-96EE-0C70E0401BC5}.SingleImage|Any CPU.ActiveCfg = Debug|Any CPU
		{ED82138C-5B41-4B2D-96EE-0C70E0401BC5}.SingleImage|Any CPU.Build.0 = Debug|Any CPU
	EndGlobalSection
	GlobalSection(SolutionProperties) = preSolution
		HideSolutionNode = FALSE
	EndGlobalSection
	GlobalSection(NestedProjects) = preSolution
		{84E91913-4093-42E7-8261-641C2D778BBD} = {97F3C9DD-B48F-4002-A7BE-55A95A9A65E5}
		{A568E7DC-DA37-4362-BD74-FCB230199013} = {97F3C9DD-B48F-4002-A7BE-55A95A9A65E5}
		{D2F0389A-25A2-4CB6-945E-08C807E78BCB} = {3CCF7BC6-51BD-4288-B76B-0C05C4AFAD92}
		{188F581D-3D33-47AA-963A-732834FA1416} = {776F7591-ECFF-43B8-9BA3-12D57DD80A69}
		{7A3B2270-EB1F-4963-BF74-C78C41C91CC4} = {97F3C9DD-B48F-4002-A7BE-55A95A9A65E5}
		{7FF884D9-EAC7-44C5-892F-5E1B7FD20755} = {776F7591-ECFF-43B8-9BA3-12D57DD80A69}
		{42C81072-F3C2-4E2D-998E-DF5490CFFDBB} = {776F7591-ECFF-43B8-9BA3-12D57DD80A69}
		{D3AED1C4-2E21-452B-882E-D6ADEC5525C8} = {776F7591-ECFF-43B8-9BA3-12D57DD80A69}
		{86089B9D-DE41-46C9-89D0-0B7FB37340DC} = {776F7591-ECFF-43B8-9BA3-12D57DD80A69}
		{B6A5BF93-7815-46BE-903B-EF96EF5F60F5} = {A7649B87-0052-4098-97F3-04CE937B4EE1}
		{8C3618C7-E0AD-4DF8-AFA6-EA1A9776BAF1} = {776F7591-ECFF-43B8-9BA3-12D57DD80A69}
		{ADC3C33D-FF5A-473A-BE4F-0EE202568CB9} = {776F7591-ECFF-43B8-9BA3-12D57DD80A69}
		{0204D851-B724-442D-9146-F000664069EA} = {776F7591-ECFF-43B8-9BA3-12D57DD80A69}
		{E0791D94-7BB9-43F0-B812-DB3C61FCB714} = {776F7591-ECFF-43B8-9BA3-12D57DD80A69}
		{DCF2F5FD-A90A-4F0E-874B-81E46F2EDDF3} = {776F7591-ECFF-43B8-9BA3-12D57DD80A69}
		{8A375C00-8240-4F8C-AB03-05226460A625} = {776F7591-ECFF-43B8-9BA3-12D57DD80A69}
		{7F77A743-5BAD-474C-B7D2-1AE0B911AC46} = {776F7591-ECFF-43B8-9BA3-12D57DD80A69}
		{12FEAFF9-6F78-462C-837B-D8643CE98C4B} = {776F7591-ECFF-43B8-9BA3-12D57DD80A69}
		{ED82138C-5B41-4B2D-96EE-0C70E0401BC5} = {776F7591-ECFF-43B8-9BA3-12D57DD80A69}
	EndGlobalSection
	GlobalSection(ExtensibilityGlobals) = postSolution
		SolutionGuid = {D48B5023-B7D2-4ECA-979D-05FB3A0FC3C2}
	EndGlobalSection
EndGlobal
