
Microsoft Visual Studio Solution File, Format Version 12.00
# Visual Studio Version 16
VisualStudioVersion = 16.0.31911.196
MinimumVisualStudioVersion = 10.0.40219.1
Project("{FAE04EC0-301F-11D3-BF4B-00C04F79EFBC}") = "Calc", "Calc\Calc.csproj", "{97870BAE-7AB3-4A3D-8FB1-90C138CB4D4A}"
EndProject
Global
	GlobalSection(SolutionConfigurationPlatforms) = preSolution
		Debug|Any CPU = Debug|Any CPU
		Release|Any CPU = Release|Any CPU
	EndGlobalSection
	GlobalSection(ProjectConfigurationPlatforms) = postSolution
		{97870BAE-7AB3-4A3D-8FB1-90C138CB4D4A}.Debug|Any CPU.ActiveCfg = Debug|Any CPU
		{97870BAE-7AB3-4A3D-8FB1-90C138CB4D4A}.Debug|Any CPU.Build.0 = Debug|Any CPU
		{97870BAE-7AB3-4A3D-8FB1-90C138CB4D4A}.Release|Any CPU.ActiveCfg = Release|Any CPU
		{97870BAE-7AB3-4A3D-8FB1-90C138CB4D4A}.Release|Any CPU.Build.0 = Release|Any CPU
	EndGlobalSection
	GlobalSection(SolutionProperties) = preSolution
		HideSolutionNode = FALSE
	EndGlobalSection
	GlobalSection(ExtensibilityGlobals) = postSolution
		SolutionGuid = {B9F3A254-D77D-4675-837E-DEA30F517F40}
	EndGlobalSection
EndGlobal
